
Microsoft Visual Studio Solution File, Format Version 12.00
Project("{FAE04EC0-301F-11D3-BF4B-00C04F79EFBC}") = "SchemaDoctor", "Source\SchemaDoctor\SchemaDoctor.csproj", "{38256F48-758A-4C74-ACF4-84818CE95CB8}"
EndProject
Project("{FAE04EC0-301F-11D3-BF4B-00C04F79EFBC}") = "SchemaDoctor.Microsoft.Extensions.AI", "Source\SchemaDoctor.Microsoft.Extensions.AI\SchemaDoctor.Microsoft.Extensions.AI.csproj", "{CCF0E12C-D79B-4E78-9636-4981EE656379}"
EndProject
Project("{FAE04EC0-301F-11D3-BF4B-00C04F79EFBC}") = "SchemaDoctor.Tests", "Tests\SchemaDoctor.Tests\SchemaDoctor.Tests.csproj", "{69CC344E-A734-4B6E-A053-F53F2C97B98B}"
EndProject
Project("{2150E333-8FDC-42A3-9474-1A3956D46DE8}") = ".meta", ".meta", "{86FFA5A9-1DCA-4789-8BFE-399589439695}"
	ProjectSection(SolutionItems) = preProject
		Directory.Packages.props = Directory.Packages.props
		Source\Directory.Build.props = Source\Directory.Build.props
		readme.md = readme.md
	EndProjectSection
EndProject
Global
	GlobalSection(SolutionConfigurationPlatforms) = preSolution
		Debug|Any CPU = Debug|Any CPU
		Release|Any CPU = Release|Any CPU
	EndGlobalSection
	GlobalSection(ProjectConfigurationPlatforms) = postSolution
		{38256F48-758A-4C74-ACF4-84818CE95CB8}.Debug|Any CPU.ActiveCfg = Debug|Any CPU
		{38256F48-758A-4C74-ACF4-84818CE95CB8}.Debug|Any CPU.Build.0 = Debug|Any CPU
		{38256F48-758A-4C74-ACF4-84818CE95CB8}.Release|Any CPU.ActiveCfg = Release|Any CPU
		{38256F48-758A-4C74-ACF4-84818CE95CB8}.Release|Any CPU.Build.0 = Release|Any CPU
		{CCF0E12C-D79B-4E78-9636-4981EE656379}.Debug|Any CPU.ActiveCfg = Debug|Any CPU
		{CCF0E12C-D79B-4E78-9636-4981EE656379}.Debug|Any CPU.Build.0 = Debug|Any CPU
		{CCF0E12C-D79B-4E78-9636-4981EE656379}.Release|Any CPU.ActiveCfg = Release|Any CPU
		{CCF0E12C-D79B-4E78-9636-4981EE656379}.Release|Any CPU.Build.0 = Release|Any CPU
		{69CC344E-A734-4B6E-A053-F53F2C97B98B}.Debug|Any CPU.ActiveCfg = Debug|Any CPU
		{69CC344E-A734-4B6E-A053-F53F2C97B98B}.Debug|Any CPU.Build.0 = Debug|Any CPU
		{69CC344E-A734-4B6E-A053-F53F2C97B98B}.Release|Any CPU.ActiveCfg = Release|Any CPU
		{69CC344E-A734-4B6E-A053-F53F2C97B98B}.Release|Any CPU.Build.0 = Release|Any CPU
	EndGlobalSection
EndGlobal
